<?xml version="1.0" encoding="utf-8"?>
<Project ToolsVersion="4.0" xmlns="http://schemas.microsoft.com/developer/msbuild/2003">
  <ItemGroup>
    <ClCompile Include="Barrel.cpp">
      <Filter>src</Filter>
    </ClCompile>
    <ClCompile Include="Barrels.cpp">
      <Filter>src</Filter>
    </ClCompile>
    <ClCompile Include="Board.cpp">
      <Filter>src</Filter>
    </ClCompile>
    <ClCompile Include="Coord.cpp">
      <Filter>src</Filter>
    </ClCompile>
    <ClCompile Include="Display.cpp">
      <Filter>src</Filter>
    </ClCompile>
    <ClCompile Include="Entity.cpp">
      <Filter>src</Filter>
    </ClCompile>
    <ClCompile Include="Game.cpp">
      <Filter>src</Filter>
    </ClCompile>
    <ClCompile Include="Main.cpp">
      <Filter>src</Filter>
    </ClCompile>
    <ClCompile Include="Mario.cpp">
      <Filter>src</Filter>
    </ClCompile>
    <ClCompile Include="Point.cpp">
      <Filter>src</Filter>
    </ClCompile>
    <ClCompile Include="Utils.cpp">
      <Filter>src</Filter>
    </ClCompile>
    <ClCompile Include="Level_Base.cpp">
      <Filter>src</Filter>
    </ClCompile>
    <ClCompile Include="Regular_Ghost.cpp">
      <Filter>src</Filter>
    </ClCompile>
    <ClCompile Include="Ghosts.cpp">
      <Filter>src</Filter>
    </ClCompile>
    <ClCompile Include="Hof.cpp">
      <Filter>src</Filter>
    </ClCompile>
    <ClCompile Include="Game_Base.cpp">
      <Filter>src</Filter>
    </ClCompile>
    <ClCompile Include="Play_Game.cpp">
      <Filter>src</Filter>
    </ClCompile>
    <ClCompile Include="Replay_Game.cpp">
      <Filter>src</Filter>
    </ClCompile>
    <ClCompile Include="Silent_Level.cpp">
      <Filter>src</Filter>
    </ClCompile>
    <ClCompile Include="Visual_Level.cpp">
      <Filter>src</Filter>
    </ClCompile>
    <ClCompile Include="Regular_Level.cpp">
      <Filter>src</Filter>
    </ClCompile>
    <ClCompile Include="Save_Level.cpp">
      <Filter>src</Filter>
    </ClCompile>
    <ClCompile Include="Ghost_Base.cpp">
      <Filter>src</Filter>
    </ClCompile>
    <ClCompile Include="Master_Ghost.cpp">
      <Filter>src</Filter>
    </ClCompile>
  </ItemGroup>
  <ItemGroup>
    <ClInclude Include="Barrel.h">
      <Filter>hdr</Filter>
    </ClInclude>
    <ClInclude Include="Barrels.h">
      <Filter>hdr</Filter>
    </ClInclude>
    <ClInclude Include="Board.h">
      <Filter>hdr</Filter>
    </ClInclude>
    <ClInclude Include="Config.h">
      <Filter>hdr</Filter>
    </ClInclude>
    <ClInclude Include="Coord.h">
      <Filter>hdr</Filter>
    </ClInclude>
    <ClInclude Include="Entity.h">
      <Filter>hdr</Filter>
    </ClInclude>
    <ClInclude Include="Game.h">
      <Filter>hdr</Filter>
    </ClInclude>
    <ClInclude Include="Mario.h">
      <Filter>hdr</Filter>
    </ClInclude>
    <ClInclude Include="Point.h">
      <Filter>hdr</Filter>
    </ClInclude>
    <ClInclude Include="Utils.h">
      <Filter>hdr</Filter>
    </ClInclude>
    <ClInclude Include="Level_Base.h">
      <Filter>hdr</Filter>
    </ClInclude>
    <ClInclude Include="Display.h">
      <Filter>hdr</Filter>
    </ClInclude>
    <ClInclude Include="Regular_Ghost.h">
      <Filter>hdr</Filter>
    </ClInclude>
    <ClInclude Include="Ghosts.h">
      <Filter>hdr</Filter>
    </ClInclude>
    <ClInclude Include="Hof.h">
      <Filter>hdr</Filter>
    </ClInclude>
    <ClInclude Include="Game_Base.h">
      <Filter>hdr</Filter>
    </ClInclude>
    <ClInclude Include="Play_Game.h">
      <Filter>hdr</Filter>
    </ClInclude>
    <ClInclude Include="Replay_Game.h">
      <Filter>hdr</Filter>
    </ClInclude>
    <ClInclude Include="Silent_Level.h">
      <Filter>hdr</Filter>
    </ClInclude>
    <ClInclude Include="Visual_Level.h">
      <Filter>hdr</Filter>
    </ClInclude>
    <ClInclude Include="Regular_Level.h">
      <Filter>hdr</Filter>
    </ClInclude>
    <ClInclude Include="Save_Level.h">
      <Filter>hdr</Filter>
    </ClInclude>
    <ClInclude Include="Ghost_Base.h">
      <Filter>hdr</Filter>
    </ClInclude>
    <ClInclude Include="Master_Ghost.h">
      <Filter>hdr</Filter>
    </ClInclude>
  </ItemGroup>
  <ItemGroup>
    <Filter Include="txt">
      <UniqueIdentifier>{31c6339e-e5a3-4474-a11f-68f520867d92}</UniqueIdentifier>
    </Filter>
    <Filter Include="src">
      <UniqueIdentifier>{cebffe99-d875-4ed7-bc88-38eeefa0b73a}</UniqueIdentifier>
    </Filter>
    <Filter Include="hdr">
      <UniqueIdentifier>{9bd03cce-c07c-4787-8396-6def4ef2bca6}</UniqueIdentifier>
    </Filter>
  </ItemGroup>
  <ItemGroup>
    <Text Include="Readme.txt">
      <Filter>txt</Filter>
    </Text>
    <Text Include="dkong_01.screen.txt">
      <Filter>txt</Filter>
    </Text>
    <Text Include="dkong_02.screen.txt">
      <Filter>txt</Filter>
    </Text>
    <Text Include="dkong_03.screen.txt">
      <Filter>txt</Filter>
    </Text>
    <Text Include="dkong_10.screen.txt">
      <Filter>txt</Filter>
    </Text>
    <Text Include="dkong_A.screen.txt">
      <Filter>txt</Filter>
    </Text>
    <Text Include="dkong_b.screen.txt">
      <Filter>txt</Filter>
    </Text>
  </ItemGroup>
</Project>